# This file was autogenerated by Stack.
# You should not edit this file by hand.
# For more information, please see the documentation at:
#   https://docs.haskellstack.org/en/stable/lock_files

packages:
- completed:
    commit: d77e48c6ab7b356c0ad480f00b9092cb49f5a37f
    git: https://github.com/hasktorch/hasktorch.git
    name: hasktorch
    pantry-tree:
      sha256: 2d0c3592e002abd2ec7282d0fa79f45dcaa94f962c5674590a303d927718fece
      size: 8242
    subdir: hasktorch
    version: 0.2.0.0
  original:
    commit: d77e48c6ab7b356c0ad480f00b9092cb49f5a37f
    git: https://github.com/hasktorch/hasktorch.git
    subdir: hasktorch
- completed:
    commit: d77e48c6ab7b356c0ad480f00b9092cb49f5a37f
    git: https://github.com/hasktorch/hasktorch.git
    name: libtorch-ffi
    pantry-tree:
      sha256: 46f93c6a6429e561b053740e096f6039b8766dbfc5562c5fad8a87715441cc5b
      size: 9504
    subdir: libtorch-ffi
    version: 1.11.0.0
  original:
    commit: d77e48c6ab7b356c0ad480f00b9092cb49f5a37f
    git: https://github.com/hasktorch/hasktorch.git
    subdir: libtorch-ffi
- completed:
    commit: d77e48c6ab7b356c0ad480f00b9092cb49f5a37f
    git: https://github.com/hasktorch/hasktorch.git
    name: libtorch-ffi-helper
    pantry-tree:
      sha256: b12d5d9ba9cd4dd265deaf3362014936d1f137c75a06495d3050039e82adba5b
      size: 214
    subdir: libtorch-ffi-helper
    version: 1.11.0.0
  original:
    commit: d77e48c6ab7b356c0ad480f00b9092cb49f5a37f
    git: https://github.com/hasktorch/hasktorch.git
    subdir: libtorch-ffi-helper
- completed:
    commit: d77e48c6ab7b356c0ad480f00b9092cb49f5a37f
    git: https://github.com/hasktorch/hasktorch.git
    name: hasktorch-gradually-typed
    pantry-tree:
      sha256: 76d949832a2d21ea8f2201ad625eec0288d6305124355eb052e8e56ecca3c6ab
      size: 11032
    subdir: experimental/gradually-typed
    version: 0.2.0.0
  original:
    commit: d77e48c6ab7b356c0ad480f00b9092cb49f5a37f
    git: https://github.com/hasktorch/hasktorch.git
    subdir: experimental/gradually-typed
- completed:
    commit: 6094e71f5be83dd3bb82627aecfe15c71c42f4f1
    git: https://github.com/hasktorch/tokenizers.git
    name: tokenizers
    pantry-tree:
      sha256: 77683ae71a6571ddeaf458ffed23088b678890a7433504bf836ae9cc26e38d41
      size: 681
    subdir: bindings/haskell/tokenizers-haskell
    version: 0.1.0.0
  original:
    commit: 6094e71f5be83dd3bb82627aecfe15c71c42f4f1
    git: https://github.com/hasktorch/tokenizers.git
    subdir: bindings/haskell/tokenizers-haskell
- completed:
    name: typelevel-rewrite-rules
    pantry-tree:
      sha256: 9c9dfb4f3472dc6b692d86bbfeaf91de9e8ba326778ea5ad7bd10ad13335913b
      size: 5814
    sha256: 78b4fd1717f3e81415797373e3efe169d3721242d8cbdb332f495598a986ea6e
    size: 28324
    url: https://github.com/hasktorch/typelevel-rewrite-rules/archive/4176e10d4de2d1310506c0fcf6a74956d81d59b6.tar.gz
    version: '1.0'
  original:
    url: https://github.com/hasktorch/typelevel-rewrite-rules/archive/4176e10d4de2d1310506c0fcf6a74956d81d59b6.tar.gz
- completed:
    hackage: type-errors-pretty-0.0.1.2@sha256:9042b64d1ac2f69aa55690576504a2397ebea8a6a55332242c88f54027c7eb57,2781
    pantry-tree:
      sha256: 9a9076d1392b2423c083964c1e630cb99981dfcd1ada3d2b53d81217198ff576
      size: 339
  original:
    hackage: type-errors-pretty-0.0.1.2@sha256:9042b64d1ac2f69aa55690576504a2397ebea8a6a55332242c88f54027c7eb57,2781
- completed:
    hackage: indexed-extras-0.2@sha256:e7e498023e33016fe45467dfee3c1379862e7e6654a806a965958fa1adc00304,1349
    pantry-tree:
      sha256: bdec8e8a81ac73c2350cf48eab2a7c1122e7e76a55980ac654a0cf4abf305df6
      size: 299
  original:
    hackage: indexed-extras-0.2@sha256:e7e498023e33016fe45467dfee3c1379862e7e6654a806a965958fa1adc00304,1349
- completed:
    hackage: term-rewriting-0.4.0.2@sha256:5412f6aa29c5756634ee30e8df923c83ab9f012a4b8797c460af3d7078466764,2740
    pantry-tree:
      sha256: 15a74c023b9caebbea2bda44141a060e78d46673c5768101c14fcd332c2408a0
      size: 3012
  original:
    hackage: term-rewriting-0.4.0.2@sha256:5412f6aa29c5756634ee30e8df923c83ab9f012a4b8797c460af3d7078466764,2740
- completed:
    hackage: union-find-array-0.1.0.3@sha256:242e066ec516d61f262947e5794edc7bbc11fd538a0415c03ac0c01b028cfa8a,1372
    pantry-tree:
      sha256: 1c53fba1445e9dde2d72979a049438213c0c500e40189c76818314600fb9d875
      size: 482
  original:
    hackage: union-find-array-0.1.0.3@sha256:242e066ec516d61f262947e5794edc7bbc11fd538a0415c03ac0c01b028cfa8a,1372
- completed:
    hackage: moo-1.2@sha256:0c4be1a01548db785dcbbe6b8c98579dbf03c5b3b536e0420dce3ba6a61337cb,5951
    pantry-tree:
      sha256: a32c48fefc42e1f7775c868794a91604522a59a1c0d2b2accff12197329f2d17
      size: 2861
  original:
    hackage: moo-1.2@sha256:0c4be1a01548db785dcbbe6b8c98579dbf03c5b3b536e0420dce3ba6a61337cb,5951
- completed:
    hackage: gray-code-0.3.1@sha256:2c8a4ed9c9ee37320305610604d6d93504e0813d7c9768949af418b53043185a,2388
    pantry-tree:
      sha256: 7b133d19b93231ea84b286cfe1a2038d67f9b553826845b33fad6526464e1de7
      size: 506
  original:
    hackage: gray-code-0.3.1@sha256:2c8a4ed9c9ee37320305610604d6d93504e0813d7c9768949af418b53043185a,2388
- completed:
    hackage: normaldistribution-1.1.0.3@sha256:2615b784c4112cbf6ffa0e2b55b76790290a9b9dff18a05d8c89aa374b213477,2160
    pantry-tree:
      sha256: 856818862d12df8b030fa9cfef2c4ffa604d06f0eb057498db245dfffcd60e3c
      size: 269
  original:
    hackage: normaldistribution-1.1.0.3@sha256:2615b784c4112cbf6ffa0e2b55b76790290a9b9dff18a05d8c89aa374b213477,2160
snapshots:
- completed:
    sha256: 428ec8d5ce932190d3cbe266b9eb3c175cd81e984babf876b64019e2cbe4ea68
    size: 590100
    url: https://raw.githubusercontent.com/commercialhaskell/stackage-snapshots/master/lts/18/28.yaml
  original: lts-18.28
